
Microsoft Visual Studio Solution File, Format Version 12.00
# Visual Studio 14
VisualStudioVersion = 14.0.22823.1
MinimumVisualStudioVersion = 10.0.40219.1
Project("{2150E333-8FDC-42A3-9474-1A3956D46DE8}") = "Universal", "Universal", "{D6B428BF-DEBD-4420-B680-B29A03D04D36}"
EndProject
Project("{D954291E-2A0B-460D-934E-DC6B0785DB48}") = "Universal.Shared", "UniversalJupiter\UniversalJupiter.Shared\Universal.Shared.shproj", "{78958B8B-17D0-42C8-86ED-0B94E1AA3543}"
EndProject
Project("{FAE04EC0-301F-11D3-BF4B-00C04F79EFBC}") = "Universal.Win", "UniversalJupiter\UniversalJupiter.Windows\Universal.Win.csproj", "{C0CE45D6-6483-4FA4-95FE-C6E0D15D4BA8}"
EndProject
Global
	GlobalSection(SharedMSBuildProjectFiles) = preSolution
		UniversalJupiter\UniversalJupiter.Shared\UniversalJupiter.Shared.projitems*{c0ce45d6-6483-4fa4-95fe-c6e0d15d4ba8}*SharedItemsImports = 4
		UniversalJupiter\UniversalJupiter.Shared\UniversalJupiter.Shared.projitems*{78958b8b-17d0-42c8-86ed-0b94e1aa3543}*SharedItemsImports = 13
	EndGlobalSection
	GlobalSection(SolutionConfigurationPlatforms) = preSolution
		Debug|Any CPU = Debug|Any CPU
		Debug|ARM = Debug|ARM
		Debug|x64 = Debug|x64
		Debug|x86 = Debug|x86
		Release|Any CPU = Release|Any CPU
		Release|ARM = Release|ARM
		Release|x64 = Release|x64
		Release|x86 = Release|x86
	EndGlobalSection
	GlobalSection(ProjectConfigurationPlatforms) = postSolution
		{C0CE45D6-6483-4FA4-95FE-C6E0D15D4BA8}.Debug|Any CPU.ActiveCfg = Debug|Any CPU
		{C0CE45D6-6483-4FA4-95FE-C6E0D15D4BA8}.Debug|Any CPU.Build.0 = Debug|Any CPU
		{C0CE45D6-6483-4FA4-95FE-C6E0D15D4BA8}.Debug|Any CPU.Deploy.0 = Debug|Any CPU
		{C0CE45D6-6483-4FA4-95FE-C6E0D15D4BA8}.Debug|ARM.ActiveCfg = Debug|ARM
		{C0CE45D6-6483-4FA4-95FE-C6E0D15D4BA8}.Debug|ARM.Build.0 = Debug|ARM
		{C0CE45D6-6483-4FA4-95FE-C6E0D15D4BA8}.Debug|ARM.Deploy.0 = Debug|ARM
		{C0CE45D6-6483-4FA4-95FE-C6E0D15D4BA8}.Debug|x64.ActiveCfg = Debug|x64
		{C0CE45D6-6483-4FA4-95FE-C6E0D15D4BA8}.Debug|x64.Build.0 = Debug|x64
		{C0CE45D6-6483-4FA4-95FE-C6E0D15D4BA8}.Debug|x64.Deploy.0 = Debug|x64
		{C0CE45D6-6483-4FA4-95FE-C6E0D15D4BA8}.Debug|x86.ActiveCfg = Debug|x86
		{C0CE45D6-6483-4FA4-95FE-C6E0D15D4BA8}.Debug|x86.Build.0 = Debug|x86
		{C0CE45D6-6483-4FA4-95FE-C6E0D15D4BA8}.Debug|x86.Deploy.0 = Debug|x86
		{C0CE45D6-6483-4FA4-95FE-C6E0D15D4BA8}.Release|Any CPU.ActiveCfg = Release|Any CPU
		{C0CE45D6-6483-4FA4-95FE-C6E0D15D4BA8}.Release|Any CPU.Build.0 = Release|Any CPU
		{C0CE45D6-6483-4FA4-95FE-C6E0D15D4BA8}.Release|Any CPU.Deploy.0 = Release|Any CPU
		{C0CE45D6-6483-4FA4-95FE-C6E0D15D4BA8}.Release|ARM.ActiveCfg = Release|ARM
		{C0CE45D6-6483-4FA4-95FE-C6E0D15D4BA8}.Release|ARM.Build.0 = Release|ARM
		{C0CE45D6-6483-4FA4-95FE-C6E0D15D4BA8}.Release|ARM.Deploy.0 = Release|ARM
		{C0CE45D6-6483-4FA4-95FE-C6E0D15D4BA8}.Release|x64.ActiveCfg = Release|x64
		{C0CE45D6-6483-4FA4-95FE-C6E0D15D4BA8}.Release|x64.Build.0 = Release|x64
		{C0CE45D6-6483-4FA4-95FE-C6E0D15D4BA8}.Release|x64.Deploy.0 = Release|x64
		{C0CE45D6-6483-4FA4-95FE-C6E0D15D4BA8}.Release|x86.ActiveCfg = Release|x86
		{C0CE45D6-6483-4FA4-95FE-C6E0D15D4BA8}.Release|x86.Build.0 = Release|x86
		{C0CE45D6-6483-4FA4-95FE-C6E0D15D4BA8}.Release|x86.Deploy.0 = Release|x86
	EndGlobalSection
	GlobalSection(SolutionProperties) = preSolution
		HideSolutionNode = FALSE
	EndGlobalSection
	GlobalSection(NestedProjects) = preSolution
		{78958B8B-17D0-42C8-86ED-0B94E1AA3543} = {D6B428BF-DEBD-4420-B680-B29A03D04D36}
		{C0CE45D6-6483-4FA4-95FE-C6E0D15D4BA8} = {D6B428BF-DEBD-4420-B680-B29A03D04D36}
	EndGlobalSection
EndGlobal
